
Microsoft Visual Studio Solution File, Format Version 12.00
# Blend for Visual Studio Version 17
VisualStudioVersion = 17.8.34330.188
MinimumVisualStudioVersion = 10.0.40219.1
Project("{FAE04EC0-301F-11D3-BF4B-00C04F79EFBC}") = "basesCsharp", "basesCsharp\basesCsharp.csproj", "{906280B9-4BD9-4B63-8C25-F39101849EA2}"
EndProject
Global
	GlobalSection(SolutionConfigurationPlatforms) = preSolution
		Debug|Any CPU = Debug|Any CPU
		Release|Any CPU = Release|Any CPU
	EndGlobalSection
	GlobalSection(ProjectConfigurationPlatforms) = postSolution
		{906280B9-4BD9-4B63-8C25-F39101849EA2}.Debug|Any CPU.ActiveCfg = Debug|Any CPU
		{906280B9-4BD9-4B63-8C25-F39101849EA2}.Debug|Any CPU.Build.0 = Debug|Any CPU
		{906280B9-4BD9-4B63-8C25-F39101849EA2}.Release|Any CPU.ActiveCfg = Release|Any CPU
		{906280B9-4BD9-4B63-8C25-F39101849EA2}.Release|Any CPU.Build.0 = Release|Any CPU
	EndGlobalSection
	GlobalSection(SolutionProperties) = preSolution
		HideSolutionNode = FALSE
	EndGlobalSection
	GlobalSection(ExtensibilityGlobals) = postSolution
		SolutionGuid = {E87D2627-C4C7-47D3-85F4-DF5BBA0774E5}
	EndGlobalSection
EndGlobal
